
Microsoft Visual Studio Solution File, Format Version 12.00
# Visual Studio 2012
Project("{FAE04EC0-301F-11D3-BF4B-00C04F79EFBC}") = "Lister", "Lister\Lister.csproj", "{33A43584-7E86-4ADA-9A81-0B09525E0C03}"
EndProject
Global
	GlobalSection(SolutionConfigurationPlatforms) = preSolution
		Debug|iPhoneSimulator = Debug|iPhoneSimulator
		Release|iPhoneSimulator = Release|iPhoneSimulator
		Debug|iPhone = Debug|iPhone
		Release|iPhone = Release|iPhone
		Ad-Hoc|iPhone = Ad-Hoc|iPhone
		AppStore|iPhone = AppStore|iPhone
	EndGlobalSection
	GlobalSection(ProjectConfigurationPlatforms) = postSolution
		{33A43584-7E86-4ADA-9A81-0B09525E0C03}.Ad-Hoc|iPhone.ActiveCfg = Ad-Hoc|iPhone
		{33A43584-7E86-4ADA-9A81-0B09525E0C03}.Ad-Hoc|iPhone.Build.0 = Ad-Hoc|iPhone
		{33A43584-7E86-4ADA-9A81-0B09525E0C03}.AppStore|iPhone.ActiveCfg = AppStore|iPhone
		{33A43584-7E86-4ADA-9A81-0B09525E0C03}.AppStore|iPhone.Build.0 = AppStore|iPhone
		{33A43584-7E86-4ADA-9A81-0B09525E0C03}.Debug|iPhone.ActiveCfg = Debug|iPhone
		{33A43584-7E86-4ADA-9A81-0B09525E0C03}.Debug|iPhone.Build.0 = Debug|iPhone
		{33A43584-7E86-4ADA-9A81-0B09525E0C03}.Debug|iPhoneSimulator.ActiveCfg = Debug|iPhoneSimulator
		{33A43584-7E86-4ADA-9A81-0B09525E0C03}.Debug|iPhoneSimulator.Build.0 = Debug|iPhoneSimulator
		{33A43584-7E86-4ADA-9A81-0B09525E0C03}.Release|iPhone.ActiveCfg = Release|iPhone
		{33A43584-7E86-4ADA-9A81-0B09525E0C03}.Release|iPhone.Build.0 = Release|iPhone
		{33A43584-7E86-4ADA-9A81-0B09525E0C03}.Release|iPhoneSimulator.ActiveCfg = Release|iPhoneSimulator
		{33A43584-7E86-4ADA-9A81-0B09525E0C03}.Release|iPhoneSimulator.Build.0 = Release|iPhoneSimulator
	EndGlobalSection
EndGlobal
