
Microsoft Visual Studio Solution File, Format Version 12.00
# Visual Studio 2012
VisualStudioVersion = 12.0.31101.0
MinimumVisualStudioVersion = 10.0.40219.1
Project("{FAE04EC0-301F-11D3-BF4B-00C04F79EFBC}") = "WeatherApp.Android", "WeatherApp.Android\WeatherApp.Android.csproj", "{BA5E18D9-AF68-4216-B359-B89AE34EC91F}"
EndProject
Project("{FAE04EC0-301F-11D3-BF4B-00C04F79EFBC}") = "WeatherApp.Logic", "WeatherApp.Logic\WeatherApp.Logic.csproj", "{31C6CF10-A364-4095-B8C4-875CB69088BD}"
EndProject
Project("{FAE04EC0-301F-11D3-BF4B-00C04F79EFBC}") = "WeatherApp.IntegrationTests", "WeatherApp.IntegrationTests\WeatherApp.IntegrationTests.csproj", "{49C48858-86CB-4AEC-B743-47300D94A946}"
EndProject
Project("{FAE04EC0-301F-11D3-BF4B-00C04F79EFBC}") = "WeatherApp.iOS", "WeatherApp.iOS\WeatherApp.iOS.csproj", "{7B47C843-5415-49C4-B5A0-9AB2F90F126F}"
EndProject
Global
	GlobalSection(SolutionConfigurationPlatforms) = preSolution
		Ad-Hoc|Any CPU = Ad-Hoc|Any CPU
		Ad-Hoc|iPhone = Ad-Hoc|iPhone
		Ad-Hoc|iPhoneSimulator = Ad-Hoc|iPhoneSimulator
		Ad-Hoc|Mixed Platforms = Ad-Hoc|Mixed Platforms
		AppStore|Any CPU = AppStore|Any CPU
		AppStore|iPhone = AppStore|iPhone
		AppStore|iPhoneSimulator = AppStore|iPhoneSimulator
		AppStore|Mixed Platforms = AppStore|Mixed Platforms
		Debug|Any CPU = Debug|Any CPU
		Debug|iPhone = Debug|iPhone
		Debug|iPhoneSimulator = Debug|iPhoneSimulator
		Debug|Mixed Platforms = Debug|Mixed Platforms
		Release|Any CPU = Release|Any CPU
		Release|iPhone = Release|iPhone
		Release|iPhoneSimulator = Release|iPhoneSimulator
		Release|Mixed Platforms = Release|Mixed Platforms
	EndGlobalSection
	GlobalSection(ProjectConfigurationPlatforms) = postSolution
		{31C6CF10-A364-4095-B8C4-875CB69088BD}.Ad-Hoc|Any CPU.ActiveCfg = Release|Any CPU
		{31C6CF10-A364-4095-B8C4-875CB69088BD}.Ad-Hoc|iPhone.ActiveCfg = Debug|Any CPU
		{31C6CF10-A364-4095-B8C4-875CB69088BD}.Ad-Hoc|iPhone.Build.0 = Debug|Any CPU
		{31C6CF10-A364-4095-B8C4-875CB69088BD}.Ad-Hoc|iPhoneSimulator.ActiveCfg = Release|Any CPU
		{31C6CF10-A364-4095-B8C4-875CB69088BD}.Ad-Hoc|Mixed Platforms.ActiveCfg = Release|Any CPU
		{31C6CF10-A364-4095-B8C4-875CB69088BD}.Ad-Hoc|Mixed Platforms.Build.0 = Release|Any CPU
		{31C6CF10-A364-4095-B8C4-875CB69088BD}.AppStore|Any CPU.ActiveCfg = Release|Any CPU
		{31C6CF10-A364-4095-B8C4-875CB69088BD}.AppStore|iPhone.ActiveCfg = Debug|Any CPU
		{31C6CF10-A364-4095-B8C4-875CB69088BD}.AppStore|iPhone.Build.0 = Debug|Any CPU
		{31C6CF10-A364-4095-B8C4-875CB69088BD}.AppStore|iPhoneSimulator.ActiveCfg = Release|Any CPU
		{31C6CF10-A364-4095-B8C4-875CB69088BD}.AppStore|Mixed Platforms.ActiveCfg = Release|Any CPU
		{31C6CF10-A364-4095-B8C4-875CB69088BD}.AppStore|Mixed Platforms.Build.0 = Release|Any CPU
		{31C6CF10-A364-4095-B8C4-875CB69088BD}.Debug|Any CPU.ActiveCfg = Debug|Any CPU
		{31C6CF10-A364-4095-B8C4-875CB69088BD}.Debug|Any CPU.Build.0 = Debug|Any CPU
		{31C6CF10-A364-4095-B8C4-875CB69088BD}.Debug|iPhone.ActiveCfg = Debug|Any CPU
		{31C6CF10-A364-4095-B8C4-875CB69088BD}.Debug|iPhone.Build.0 = Debug|Any CPU
		{31C6CF10-A364-4095-B8C4-875CB69088BD}.Debug|iPhoneSimulator.ActiveCfg = Debug|Any CPU
		{31C6CF10-A364-4095-B8C4-875CB69088BD}.Debug|iPhoneSimulator.Build.0 = Debug|Any CPU
		{31C6CF10-A364-4095-B8C4-875CB69088BD}.Debug|Mixed Platforms.ActiveCfg = Debug|Any CPU
		{31C6CF10-A364-4095-B8C4-875CB69088BD}.Debug|Mixed Platforms.Build.0 = Debug|Any CPU
		{31C6CF10-A364-4095-B8C4-875CB69088BD}.Release|Any CPU.ActiveCfg = Release|Any CPU
		{31C6CF10-A364-4095-B8C4-875CB69088BD}.Release|Any CPU.Build.0 = Release|Any CPU
		{31C6CF10-A364-4095-B8C4-875CB69088BD}.Release|iPhone.ActiveCfg = Release|Any CPU
		{31C6CF10-A364-4095-B8C4-875CB69088BD}.Release|iPhone.Build.0 = Release|Any CPU
		{31C6CF10-A364-4095-B8C4-875CB69088BD}.Release|iPhoneSimulator.ActiveCfg = Release|Any CPU
		{31C6CF10-A364-4095-B8C4-875CB69088BD}.Release|iPhoneSimulator.Build.0 = Release|Any CPU
		{31C6CF10-A364-4095-B8C4-875CB69088BD}.Release|Mixed Platforms.ActiveCfg = Release|Any CPU
		{31C6CF10-A364-4095-B8C4-875CB69088BD}.Release|Mixed Platforms.Build.0 = Release|Any CPU
		{49C48858-86CB-4AEC-B743-47300D94A946}.Ad-Hoc|Any CPU.ActiveCfg = Release|Any CPU
		{49C48858-86CB-4AEC-B743-47300D94A946}.Ad-Hoc|iPhone.ActiveCfg = Debug|Any CPU
		{49C48858-86CB-4AEC-B743-47300D94A946}.Ad-Hoc|iPhone.Build.0 = Debug|Any CPU
		{49C48858-86CB-4AEC-B743-47300D94A946}.Ad-Hoc|iPhoneSimulator.ActiveCfg = Release|Any CPU
		{49C48858-86CB-4AEC-B743-47300D94A946}.Ad-Hoc|Mixed Platforms.ActiveCfg = Release|Any CPU
		{49C48858-86CB-4AEC-B743-47300D94A946}.Ad-Hoc|Mixed Platforms.Build.0 = Release|Any CPU
		{49C48858-86CB-4AEC-B743-47300D94A946}.AppStore|Any CPU.ActiveCfg = Release|Any CPU
		{49C48858-86CB-4AEC-B743-47300D94A946}.AppStore|iPhone.ActiveCfg = Debug|Any CPU
		{49C48858-86CB-4AEC-B743-47300D94A946}.AppStore|iPhone.Build.0 = Debug|Any CPU
		{49C48858-86CB-4AEC-B743-47300D94A946}.AppStore|iPhoneSimulator.ActiveCfg = Release|Any CPU
		{49C48858-86CB-4AEC-B743-47300D94A946}.AppStore|Mixed Platforms.ActiveCfg = Release|Any CPU
		{49C48858-86CB-4AEC-B743-47300D94A946}.AppStore|Mixed Platforms.Build.0 = Release|Any CPU
		{49C48858-86CB-4AEC-B743-47300D94A946}.Debug|Any CPU.ActiveCfg = Debug|Any CPU
		{49C48858-86CB-4AEC-B743-47300D94A946}.Debug|Any CPU.Build.0 = Debug|Any CPU
		{49C48858-86CB-4AEC-B743-47300D94A946}.Debug|iPhone.ActiveCfg = Debug|Any CPU
		{49C48858-86CB-4AEC-B743-47300D94A946}.Debug|iPhone.Build.0 = Debug|Any CPU
		{49C48858-86CB-4AEC-B743-47300D94A946}.Debug|iPhoneSimulator.ActiveCfg = Debug|Any CPU
		{49C48858-86CB-4AEC-B743-47300D94A946}.Debug|iPhoneSimulator.Build.0 = Debug|Any CPU
		{49C48858-86CB-4AEC-B743-47300D94A946}.Debug|Mixed Platforms.ActiveCfg = Debug|Any CPU
		{49C48858-86CB-4AEC-B743-47300D94A946}.Debug|Mixed Platforms.Build.0 = Debug|Any CPU
		{49C48858-86CB-4AEC-B743-47300D94A946}.Release|Any CPU.ActiveCfg = Release|Any CPU
		{49C48858-86CB-4AEC-B743-47300D94A946}.Release|Any CPU.Build.0 = Release|Any CPU
		{49C48858-86CB-4AEC-B743-47300D94A946}.Release|iPhone.ActiveCfg = Release|Any CPU
		{49C48858-86CB-4AEC-B743-47300D94A946}.Release|iPhone.Build.0 = Release|Any CPU
		{49C48858-86CB-4AEC-B743-47300D94A946}.Release|iPhoneSimulator.ActiveCfg = Release|Any CPU
		{49C48858-86CB-4AEC-B743-47300D94A946}.Release|iPhoneSimulator.Build.0 = Release|Any CPU
		{49C48858-86CB-4AEC-B743-47300D94A946}.Release|Mixed Platforms.ActiveCfg = Release|Any CPU
		{49C48858-86CB-4AEC-B743-47300D94A946}.Release|Mixed Platforms.Build.0 = Release|Any CPU
		{7B47C843-5415-49C4-B5A0-9AB2F90F126F}.Ad-Hoc|Any CPU.ActiveCfg = Ad-Hoc|iPhone
		{7B47C843-5415-49C4-B5A0-9AB2F90F126F}.Ad-Hoc|iPhone.ActiveCfg = Ad-Hoc|iPhone
		{7B47C843-5415-49C4-B5A0-9AB2F90F126F}.Ad-Hoc|iPhone.Build.0 = Ad-Hoc|iPhone
		{7B47C843-5415-49C4-B5A0-9AB2F90F126F}.Ad-Hoc|iPhoneSimulator.ActiveCfg = Ad-Hoc|iPhone
		{7B47C843-5415-49C4-B5A0-9AB2F90F126F}.Ad-Hoc|Mixed Platforms.ActiveCfg = Ad-Hoc|iPhoneSimulator
		{7B47C843-5415-49C4-B5A0-9AB2F90F126F}.Ad-Hoc|Mixed Platforms.Build.0 = Ad-Hoc|iPhoneSimulator
		{7B47C843-5415-49C4-B5A0-9AB2F90F126F}.AppStore|Any CPU.ActiveCfg = AppStore|iPhone
		{7B47C843-5415-49C4-B5A0-9AB2F90F126F}.AppStore|iPhone.ActiveCfg = AppStore|iPhone
		{7B47C843-5415-49C4-B5A0-9AB2F90F126F}.AppStore|iPhone.Build.0 = AppStore|iPhone
		{7B47C843-5415-49C4-B5A0-9AB2F90F126F}.AppStore|iPhoneSimulator.ActiveCfg = AppStore|iPhone
		{7B47C843-5415-49C4-B5A0-9AB2F90F126F}.AppStore|Mixed Platforms.ActiveCfg = AppStore|iPhoneSimulator
		{7B47C843-5415-49C4-B5A0-9AB2F90F126F}.AppStore|Mixed Platforms.Build.0 = AppStore|iPhoneSimulator
		{7B47C843-5415-49C4-B5A0-9AB2F90F126F}.Debug|Any CPU.ActiveCfg = Debug|iPhoneSimulator
		{7B47C843-5415-49C4-B5A0-9AB2F90F126F}.Debug|Any CPU.Build.0 = Debug|iPhoneSimulator
		{7B47C843-5415-49C4-B5A0-9AB2F90F126F}.Debug|iPhone.ActiveCfg = Debug|iPhone
		{7B47C843-5415-49C4-B5A0-9AB2F90F126F}.Debug|iPhone.Build.0 = Debug|iPhone
		{7B47C843-5415-49C4-B5A0-9AB2F90F126F}.Debug|iPhoneSimulator.ActiveCfg = Debug|iPhoneSimulator
		{7B47C843-5415-49C4-B5A0-9AB2F90F126F}.Debug|iPhoneSimulator.Build.0 = Debug|iPhoneSimulator
		{7B47C843-5415-49C4-B5A0-9AB2F90F126F}.Debug|Mixed Platforms.ActiveCfg = Debug|iPhone
		{7B47C843-5415-49C4-B5A0-9AB2F90F126F}.Debug|Mixed Platforms.Build.0 = Debug|iPhone
		{7B47C843-5415-49C4-B5A0-9AB2F90F126F}.Release|Any CPU.ActiveCfg = Release|iPhoneSimulator
		{7B47C843-5415-49C4-B5A0-9AB2F90F126F}.Release|Any CPU.Build.0 = Release|iPhoneSimulator
		{7B47C843-5415-49C4-B5A0-9AB2F90F126F}.Release|iPhone.ActiveCfg = Release|iPhone
		{7B47C843-5415-49C4-B5A0-9AB2F90F126F}.Release|iPhone.Build.0 = Release|iPhone
		{7B47C843-5415-49C4-B5A0-9AB2F90F126F}.Release|iPhoneSimulator.ActiveCfg = Release|iPhoneSimulator
		{7B47C843-5415-49C4-B5A0-9AB2F90F126F}.Release|iPhoneSimulator.Build.0 = Release|iPhoneSimulator
		{7B47C843-5415-49C4-B5A0-9AB2F90F126F}.Release|Mixed Platforms.ActiveCfg = Release|iPhone
		{7B47C843-5415-49C4-B5A0-9AB2F90F126F}.Release|Mixed Platforms.Build.0 = Release|iPhone
		{BA5E18D9-AF68-4216-B359-B89AE34EC91F}.Ad-Hoc|Any CPU.ActiveCfg = Release|Any CPU
		{BA5E18D9-AF68-4216-B359-B89AE34EC91F}.Ad-Hoc|iPhone.ActiveCfg = Debug|Any CPU
		{BA5E18D9-AF68-4216-B359-B89AE34EC91F}.Ad-Hoc|iPhone.Build.0 = Debug|Any CPU
		{BA5E18D9-AF68-4216-B359-B89AE34EC91F}.Ad-Hoc|iPhoneSimulator.ActiveCfg = Release|Any CPU
		{BA5E18D9-AF68-4216-B359-B89AE34EC91F}.Ad-Hoc|Mixed Platforms.ActiveCfg = Release|Any CPU
		{BA5E18D9-AF68-4216-B359-B89AE34EC91F}.Ad-Hoc|Mixed Platforms.Build.0 = Release|Any CPU
		{BA5E18D9-AF68-4216-B359-B89AE34EC91F}.Ad-Hoc|Mixed Platforms.Deploy.0 = Release|Any CPU
		{BA5E18D9-AF68-4216-B359-B89AE34EC91F}.AppStore|Any CPU.ActiveCfg = Release|Any CPU
		{BA5E18D9-AF68-4216-B359-B89AE34EC91F}.AppStore|iPhone.ActiveCfg = Debug|Any CPU
		{BA5E18D9-AF68-4216-B359-B89AE34EC91F}.AppStore|iPhone.Build.0 = Debug|Any CPU
		{BA5E18D9-AF68-4216-B359-B89AE34EC91F}.AppStore|iPhoneSimulator.ActiveCfg = Release|Any CPU
		{BA5E18D9-AF68-4216-B359-B89AE34EC91F}.AppStore|Mixed Platforms.ActiveCfg = Release|Any CPU
		{BA5E18D9-AF68-4216-B359-B89AE34EC91F}.AppStore|Mixed Platforms.Build.0 = Release|Any CPU
		{BA5E18D9-AF68-4216-B359-B89AE34EC91F}.AppStore|Mixed Platforms.Deploy.0 = Release|Any CPU
		{BA5E18D9-AF68-4216-B359-B89AE34EC91F}.Debug|Any CPU.ActiveCfg = Debug|Any CPU
		{BA5E18D9-AF68-4216-B359-B89AE34EC91F}.Debug|Any CPU.Build.0 = Debug|Any CPU
		{BA5E18D9-AF68-4216-B359-B89AE34EC91F}.Debug|Any CPU.Deploy.0 = Debug|Any CPU
		{BA5E18D9-AF68-4216-B359-B89AE34EC91F}.Debug|iPhone.ActiveCfg = Debug|Any CPU
		{BA5E18D9-AF68-4216-B359-B89AE34EC91F}.Debug|iPhone.Build.0 = Debug|Any CPU
		{BA5E18D9-AF68-4216-B359-B89AE34EC91F}.Debug|iPhoneSimulator.ActiveCfg = Debug|Any CPU
		{BA5E18D9-AF68-4216-B359-B89AE34EC91F}.Debug|iPhoneSimulator.Build.0 = Debug|Any CPU
		{BA5E18D9-AF68-4216-B359-B89AE34EC91F}.Debug|Mixed Platforms.ActiveCfg = Debug|Any CPU
		{BA5E18D9-AF68-4216-B359-B89AE34EC91F}.Debug|Mixed Platforms.Build.0 = Debug|Any CPU
		{BA5E18D9-AF68-4216-B359-B89AE34EC91F}.Debug|Mixed Platforms.Deploy.0 = Debug|Any CPU
		{BA5E18D9-AF68-4216-B359-B89AE34EC91F}.Release|Any CPU.ActiveCfg = Release|Any CPU
		{BA5E18D9-AF68-4216-B359-B89AE34EC91F}.Release|Any CPU.Build.0 = Release|Any CPU
		{BA5E18D9-AF68-4216-B359-B89AE34EC91F}.Release|iPhone.ActiveCfg = Release|Any CPU
		{BA5E18D9-AF68-4216-B359-B89AE34EC91F}.Release|iPhone.Build.0 = Release|Any CPU
		{BA5E18D9-AF68-4216-B359-B89AE34EC91F}.Release|iPhoneSimulator.ActiveCfg = Release|Any CPU
		{BA5E18D9-AF68-4216-B359-B89AE34EC91F}.Release|iPhoneSimulator.Build.0 = Release|Any CPU
		{BA5E18D9-AF68-4216-B359-B89AE34EC91F}.Release|Mixed Platforms.ActiveCfg = Release|Any CPU
		{BA5E18D9-AF68-4216-B359-B89AE34EC91F}.Release|Mixed Platforms.Build.0 = Release|Any CPU
		{BA5E18D9-AF68-4216-B359-B89AE34EC91F}.Release|Mixed Platforms.Deploy.0 = Release|Any CPU
	EndGlobalSection
	GlobalSection(SolutionProperties) = preSolution
		HideSolutionNode = FALSE
	EndGlobalSection
EndGlobal
